hash: 3f010da5086ea12ccae29c0449253b4749cc1ad8114409b5635e9984cbed25e0
updated: 2017-06-27T22:31:15.42317894+02:00
imports:
- name: github.com/athoune/lepsius-lumber
  version: 8315ad6f000ae5c53841c72b948eecbd19f26296
  subpackages:
  - sql
- name: github.com/elastic/go-lumber
  version: 7cb1a7a10106022105aea3b9b210a805185476a5
  repo: https://github.com/bearstech/go-lumber.git
  subpackages:
  - lj
  - log
  - protocol/v1
  - protocol/v2
  - server
  - server/internal
  - server/v1
  - server/v2
- name: github.com/klauspost/compress
  version: f3dce52e0576655d55fd69e74b63da96ad1108f3
  subpackages:
  - flate
  - zlib
- name: github.com/klauspost/cpuid
  version: 09cded8978dc9e80714c4d85b0322337b0a1e5e0
- name: github.com/mailru/easyjson
  version: 2f5df55504ebc322e4d52d34df6a1f5b503bf26d
  subpackages:
  - bootstrap
  - buffer
  - gen
  - jlexer
  - jwriter
  - opt
  - parser
- name: github.com/percona/go-mysql
  version: 2a6037d7d809b18ebd6d735b397f2321879af611
  subpackages:
  - query
- name: github.com/pquerna/ffjson
  version: 0a1032732ea92f86ab22e27b9d55cd182f2f4a1b
  subpackages:
  - ffjson
  - fflib/v1
  - fflib/v1/internal
- name: github.com/ugorji/go
  version: 5efa3251c7f7d05e5d9704a69a984ec9f1386a40
  subpackages:
  - codec
- name: gopkg.in/alexcesaro/statsd.v2
  version: 7fea3f0d2fab1ad973e641e51dba45443a311a90
testImports: []
